
Microsoft Visual Studio Solution File, Format Version 12.00
# Visual Studio Version 17
VisualStudioVersion = 17.1.32421.90
MinimumVisualStudioVersion = 10.0.40219.1
Project("{9A19103F-16F7-4668-BE54-9A1E7A4F7556}") = "GeniyIdiotConsoleApp", "GeniyIdiotConsoleApp\GeniyIdiotConsoleApp.csproj", "{70D05E8F-8478-49DF-9E39-D40530412D8A}"
EndProject
Project("{FAE04EC0-301F-11D3-BF4B-00C04F79EFBC}") = "GeniyIdiotWindowsFormsApp", "GeniyIdiotWindowsFormsApp\GeniyIdiotWindowsFormsApp.csproj", "{AC5913FE-B36F-4D3B-B6D3-1E4306ABA779}"
EndProject
Project("{FAE04EC0-301F-11D3-BF4B-00C04F79EFBC}") = "ClassLibrary", "ClassLibrary\ClassLibrary.csproj", "{D084B53B-53E7-4331-90A5-BAB272E46BFE}"
EndProject
Global
	GlobalSection(SolutionConfigurationPlatforms) = preSolution
		Debug|Any CPU = Debug|Any CPU
		Release|Any CPU = Release|Any CPU
	EndGlobalSection
	GlobalSection(ProjectConfigurationPlatforms) = postSolution
		{70D05E8F-8478-49DF-9E39-D40530412D8A}.Debug|Any CPU.ActiveCfg = Debug|Any CPU
		{70D05E8F-8478-49DF-9E39-D40530412D8A}.Debug|Any CPU.Build.0 = Debug|Any CPU
		{70D05E8F-8478-49DF-9E39-D40530412D8A}.Release|Any CPU.ActiveCfg = Release|Any CPU
		{70D05E8F-8478-49DF-9E39-D40530412D8A}.Release|Any CPU.Build.0 = Release|Any CPU
		{AC5913FE-B36F-4D3B-B6D3-1E4306ABA779}.Debug|Any CPU.ActiveCfg = Debug|Any CPU
		{AC5913FE-B36F-4D3B-B6D3-1E4306ABA779}.Debug|Any CPU.Build.0 = Debug|Any CPU
		{AC5913FE-B36F-4D3B-B6D3-1E4306ABA779}.Release|Any CPU.ActiveCfg = Release|Any CPU
		{AC5913FE-B36F-4D3B-B6D3-1E4306ABA779}.Release|Any CPU.Build.0 = Release|Any CPU
		{D084B53B-53E7-4331-90A5-BAB272E46BFE}.Debug|Any CPU.ActiveCfg = Debug|Any CPU
		{D084B53B-53E7-4331-90A5-BAB272E46BFE}.Debug|Any CPU.Build.0 = Debug|Any CPU
		{D084B53B-53E7-4331-90A5-BAB272E46BFE}.Release|Any CPU.ActiveCfg = Release|Any CPU
		{D084B53B-53E7-4331-90A5-BAB272E46BFE}.Release|Any CPU.Build.0 = Release|Any CPU
	EndGlobalSection
	GlobalSection(SolutionProperties) = preSolution
		HideSolutionNode = FALSE
	EndGlobalSection
	GlobalSection(ExtensibilityGlobals) = postSolution
		SolutionGuid = {C2FC724A-F63A-4C3D-905A-DAD25EC9035A}
	EndGlobalSection
EndGlobal
